{
  "version": 1,
  "dependencies": {
    "net8.0-windows7.0": {
      "Microsoft.NET.ILLink.Tasks": {
        "type": "Direct",
        "requested": "[8.0.30, )",
        "resolved": "8.0.30",
        "contentHash": "SfmwuZjUPBTEoBMAsXZ/hWkaEK9oL+Y/UtAx7N6RyWHfcMt9J0ExrNPuOgTyPbCXIyiTBFsxFNrPLEZNPmJcvA=="
      },
      "System.Threading.AccessControl": {
        "type": "Direct",
        "requested": "[10.0.11, )",
        "resolved": "10.0.11",
        "contentHash": "GHX/QS0WfddVUHaxZuXGk/VW8NrQl1gPQQTcz5fdIT1CBeiSIi/MhIq50/XPB90qq0loFO7nmzftNeoU2qWwIQ=="
      }
    },
    "net8.0-windows7.0/win-x64": {
      "System.Threading.AccessControl": {
        "type": "Direct",
        "requested": "[10.0.11, )",
        "resolved": "10.0.11",
        "contentHash": "GHX/QS0WfddVUHaxZuXGk/VW8NrQl1gPQQTcz5fdIT1CBeiSIi/MhIq50/XPB90qq0loFO7nmzftNeoU2qWwIQ=="
      }
    }
  }
}